{
  "name": "bs-next",
  "version": "1.1.0",
  "lockfileVersion": 1,
  "requires": true,
  "dependencies": {
    "bs-platform": {
      "version": "1.9.1",
      "resolved": "https://registry.npmjs.org/bs-platform/-/bs-platform-1.9.1.tgz",
      "integrity": "sha1-EZVWLw+LExzHWGk+fJsx1+ACIAE=",
      "dev": true
    }
  }
}
